
Microsoft Visual Studio Solution File, Format Version 12.00
# Visual Studio Version 17
VisualStudioVersion = 17.7.34031.279
MinimumVisualStudioVersion = 10.0.40219.1
Project("{FAE04EC0-301F-11D3-BF4B-00C04F79EFBC}") = "IS23_Sorokin1", "IS23_Sorokin1.csproj", "{03A4AD23-6014-45E8-BD9B-29EE9FEF7054}"
EndProject
Global
	GlobalSection(SolutionConfigurationPlatforms) = preSolution
		Debug|Any CPU = Debug|Any CPU
		Release|Any CPU = Release|Any CPU
	EndGlobalSection
	GlobalSection(ProjectConfigurationPlatforms) = postSolution
		{03A4AD23-6014-45E8-BD9B-29EE9FEF7054}.Debug|Any CPU.ActiveCfg = Debug|Any CPU
		{03A4AD23-6014-45E8-BD9B-29EE9FEF7054}.Debug|Any CPU.Build.0 = Debug|Any CPU
		{03A4AD23-6014-45E8-BD9B-29EE9FEF7054}.Release|Any CPU.ActiveCfg = Release|Any CPU
		{03A4AD23-6014-45E8-BD9B-29EE9FEF7054}.Release|Any CPU.Build.0 = Release|Any CPU
	EndGlobalSection
	GlobalSection(SolutionProperties) = preSolution
		HideSolutionNode = FALSE
	EndGlobalSection
	GlobalSection(ExtensibilityGlobals) = postSolution
		SolutionGuid = {725263F1-FB1F-4E38-9FAC-8B28B5BB6933}
	EndGlobalSection
EndGlobal
